
Microsoft Visual Studio Solution File, Format Version 12.00
# Visual Studio 14
VisualStudioVersion = 14.0.25420.1
MinimumVisualStudioVersion = 10.0.40219.1
Project("{F184B08F-C81C-45F6-A57F-5ABD9991F28F}") = "ChiriNulluo.Mahjong.Core", "ChiriNulluo.Mahjong.Core\ChiriNulluo.Mahjong.Core.vbproj", "{6F1B2390-4809-4D03-A4F5-7733364165D0}"
EndProject
Project("{F184B08F-C81C-45F6-A57F-5ABD9991F28F}") = "ChiriNulluo.Mahjong.Precure", "ChiriNulluo.Mahjong.Precure\ChiriNulluo.Mahjong.Precure.vbproj", "{5F0056CC-9BFF-4DFD-8ACC-A93A0DC39B8C}"
EndProject
Project("{F184B08F-C81C-45F6-A57F-5ABD9991F28F}") = "ChiriNulluo.Mahjong.Test", "ChiriNulluo.Mahjong.Test\ChiriNulluo.Mahjong.Test.vbproj", "{959D6AF8-6CAE-4123-9EE4-AB37D44071EE}"
EndProject
Project("{F184B08F-C81C-45F6-A57F-5ABD9991F28F}") = "ChiriNulluo.Mahjong.WinFormApplication", "ChiriNulluo.Mahjong.WinFormApplication\ChiriNulluo.Mahjong.WinFormApplication.vbproj", "{B4FEEBB1-E103-4477-B436-080B99E1F5FC}"
EndProject
Project("{F184B08F-C81C-45F6-A57F-5ABD9991F28F}") = "TestProgram", "TestProgram\TestProgram.vbproj", "{E5C683F7-3D34-494A-9842-2B16BE1C091B}"
EndProject
Project("{F184B08F-C81C-45F6-A57F-5ABD9991F28F}") = "ChiriNulluo.Mahjong.OnlineUpdater", "ChiriNulluo.OnlineUpdater\ChiriNulluo.Mahjong.OnlineUpdater.vbproj", "{7DCD1B8B-FB79-433A-8373-0D71602834E1}"
EndProject
Project("{F184B08F-C81C-45F6-A57F-5ABD9991F28F}") = "ChiriNulluo.Mahjong.Tools", "ChiriNulluo.Mahjong.Tools\ChiriNulluo.Mahjong.Tools.vbproj", "{6E63F583-20E5-4C53-91F2-59D4F9DBCEB2}"
EndProject
Global
	GlobalSection(SolutionConfigurationPlatforms) = preSolution
		Debug|Any CPU = Debug|Any CPU
		Debug|x86 = Debug|x86
		Release|Any CPU = Release|Any CPU
		Release|x86 = Release|x86
	EndGlobalSection
	GlobalSection(ProjectConfigurationPlatforms) = postSolution
		{6F1B2390-4809-4D03-A4F5-7733364165D0}.Debug|Any CPU.ActiveCfg = Debug|Any CPU
		{6F1B2390-4809-4D03-A4F5-7733364165D0}.Debug|Any CPU.Build.0 = Debug|Any CPU
		{6F1B2390-4809-4D03-A4F5-7733364165D0}.Debug|x86.ActiveCfg = Debug|Any CPU
		{6F1B2390-4809-4D03-A4F5-7733364165D0}.Debug|x86.Build.0 = Debug|Any CPU
		{6F1B2390-4809-4D03-A4F5-7733364165D0}.Release|Any CPU.ActiveCfg = Release|Any CPU
		{6F1B2390-4809-4D03-A4F5-7733364165D0}.Release|Any CPU.Build.0 = Release|Any CPU
		{6F1B2390-4809-4D03-A4F5-7733364165D0}.Release|x86.ActiveCfg = Release|Any CPU
		{6F1B2390-4809-4D03-A4F5-7733364165D0}.Release|x86.Build.0 = Release|Any CPU
		{5F0056CC-9BFF-4DFD-8ACC-A93A0DC39B8C}.Debug|Any CPU.ActiveCfg = Debug|Any CPU
		{5F0056CC-9BFF-4DFD-8ACC-A93A0DC39B8C}.Debug|Any CPU.Build.0 = Debug|Any CPU
		{5F0056CC-9BFF-4DFD-8ACC-A93A0DC39B8C}.Debug|x86.ActiveCfg = Debug|Any CPU
		{5F0056CC-9BFF-4DFD-8ACC-A93A0DC39B8C}.Debug|x86.Build.0 = Debug|Any CPU
		{5F0056CC-9BFF-4DFD-8ACC-A93A0DC39B8C}.Release|Any CPU.ActiveCfg = Release|Any CPU
		{5F0056CC-9BFF-4DFD-8ACC-A93A0DC39B8C}.Release|Any CPU.Build.0 = Release|Any CPU
		{5F0056CC-9BFF-4DFD-8ACC-A93A0DC39B8C}.Release|x86.ActiveCfg = Release|Any CPU
		{5F0056CC-9BFF-4DFD-8ACC-A93A0DC39B8C}.Release|x86.Build.0 = Release|Any CPU
		{959D6AF8-6CAE-4123-9EE4-AB37D44071EE}.Debug|Any CPU.ActiveCfg = Debug|Any CPU
		{959D6AF8-6CAE-4123-9EE4-AB37D44071EE}.Debug|Any CPU.Build.0 = Debug|Any CPU
		{959D6AF8-6CAE-4123-9EE4-AB37D44071EE}.Debug|x86.ActiveCfg = Debug|Any CPU
		{959D6AF8-6CAE-4123-9EE4-AB37D44071EE}.Debug|x86.Build.0 = Debug|Any CPU
		{959D6AF8-6CAE-4123-9EE4-AB37D44071EE}.Release|Any CPU.ActiveCfg = Release|Any CPU
		{959D6AF8-6CAE-4123-9EE4-AB37D44071EE}.Release|x86.ActiveCfg = Release|Any CPU
		{959D6AF8-6CAE-4123-9EE4-AB37D44071EE}.Release|x86.Build.0 = Release|Any CPU
		{B4FEEBB1-E103-4477-B436-080B99E1F5FC}.Debug|Any CPU.ActiveCfg = Debug|Any CPU
		{B4FEEBB1-E103-4477-B436-080B99E1F5FC}.Debug|Any CPU.Build.0 = Debug|Any CPU
		{B4FEEBB1-E103-4477-B436-080B99E1F5FC}.Debug|x86.ActiveCfg = Debug|Any CPU
		{B4FEEBB1-E103-4477-B436-080B99E1F5FC}.Debug|x86.Build.0 = Debug|Any CPU
		{B4FEEBB1-E103-4477-B436-080B99E1F5FC}.Release|Any CPU.ActiveCfg = Release|Any CPU
		{B4FEEBB1-E103-4477-B436-080B99E1F5FC}.Release|Any CPU.Build.0 = Release|Any CPU
		{B4FEEBB1-E103-4477-B436-080B99E1F5FC}.Release|x86.ActiveCfg = Release|Any CPU
		{B4FEEBB1-E103-4477-B436-080B99E1F5FC}.Release|x86.Build.0 = Release|Any CPU
		{E5C683F7-3D34-494A-9842-2B16BE1C091B}.Debug|Any CPU.ActiveCfg = Debug|Any CPU
		{E5C683F7-3D34-494A-9842-2B16BE1C091B}.Debug|Any CPU.Build.0 = Debug|Any CPU
		{E5C683F7-3D34-494A-9842-2B16BE1C091B}.Debug|x86.ActiveCfg = Debug|Any CPU
		{E5C683F7-3D34-494A-9842-2B16BE1C091B}.Debug|x86.Build.0 = Debug|Any CPU
		{E5C683F7-3D34-494A-9842-2B16BE1C091B}.Release|Any CPU.ActiveCfg = Release|Any CPU
		{E5C683F7-3D34-494A-9842-2B16BE1C091B}.Release|x86.ActiveCfg = Release|Any CPU
		{E5C683F7-3D34-494A-9842-2B16BE1C091B}.Release|x86.Build.0 = Release|Any CPU
		{7DCD1B8B-FB79-433A-8373-0D71602834E1}.Debug|Any CPU.ActiveCfg = Debug|Any CPU
		{7DCD1B8B-FB79-433A-8373-0D71602834E1}.Debug|Any CPU.Build.0 = Debug|Any CPU
		{7DCD1B8B-FB79-433A-8373-0D71602834E1}.Debug|x86.ActiveCfg = Debug|Any CPU
		{7DCD1B8B-FB79-433A-8373-0D71602834E1}.Debug|x86.Build.0 = Debug|Any CPU
		{7DCD1B8B-FB79-433A-8373-0D71602834E1}.Release|Any CPU.ActiveCfg = Release|Any CPU
		{7DCD1B8B-FB79-433A-8373-0D71602834E1}.Release|Any CPU.Build.0 = Release|Any CPU
		{7DCD1B8B-FB79-433A-8373-0D71602834E1}.Release|x86.ActiveCfg = Release|Any CPU
		{7DCD1B8B-FB79-433A-8373-0D71602834E1}.Release|x86.Build.0 = Release|Any CPU
		{6E63F583-20E5-4C53-91F2-59D4F9DBCEB2}.Debug|Any CPU.ActiveCfg = Debug|Any CPU
		{6E63F583-20E5-4C53-91F2-59D4F9DBCEB2}.Debug|Any CPU.Build.0 = Debug|Any CPU
		{6E63F583-20E5-4C53-91F2-59D4F9DBCEB2}.Debug|x86.ActiveCfg = Debug|Any CPU
		{6E63F583-20E5-4C53-91F2-59D4F9DBCEB2}.Debug|x86.Build.0 = Debug|Any CPU
		{6E63F583-20E5-4C53-91F2-59D4F9DBCEB2}.Release|Any CPU.ActiveCfg = Release|Any CPU
		{6E63F583-20E5-4C53-91F2-59D4F9DBCEB2}.Release|x86.ActiveCfg = Release|Any CPU
		{6E63F583-20E5-4C53-91F2-59D4F9DBCEB2}.Release|x86.Build.0 = Release|Any CPU
	EndGlobalSection
	GlobalSection(SolutionProperties) = preSolution
		HideSolutionNode = FALSE
	EndGlobalSection
	GlobalSection(ExtensibilityGlobals) = postSolution
		RESX_NeutralResourcesLanguage = en-001
	EndGlobalSection
EndGlobal
